// !$*UTF8*$!
{
	archiveVersion = 1;
	classes = {
	};
	objectVersion = 55;
	objects = {

/* Begin PBXBuildFile section */
		C5B681C7FEC189D46653A09A /* Pods_ForsquareClone.framework in Frameworks */ = {isa = PBXBuildFile; fileRef = 98B8635383374CF5E592B481 /* Pods_ForsquareClone.framework */; };
		F98E0B95280B4AC50027588A /* GoogleService-Info.plist in Resources */ = {isa = PBXBuildFile; fileRef = F98E0B94280B4AC50027588A /* GoogleService-Info.plist */; };
		F98E0B99280B55490027588A /* PlacesVC.swift in Sources */ = {isa = PBXBuildFile; fileRef = F98E0B98280B55490027588A /* PlacesVC.swift */; };
		F98E0B9B280B64180027588A /* addPlaceVC.swift in Sources */ = {isa = PBXBuildFile; fileRef = F98E0B9A280B64180027588A /* addPlaceVC.swift */; };
		F98E0B9D280C33D50027588A /* mapVC.swift in Sources */ = {isa = PBXBuildFile; fileRef = F98E0B9C280C33D50027588A /* mapVC.swift */; };
		F98E0B9F280C36AA0027588A /* select.png in Resources */ = {isa = PBXBuildFile; fileRef = F98E0B9E280C36AA0027588A /* select.png */; };
		F98E0BA1280C391B0027588A /* DetailsVC.swift in Sources */ = {isa = PBXBuildFile; fileRef = F98E0BA0280C391B0027588A /* DetailsVC.swift */; };
		F98E0BA3280C51850027588A /* PlaceModel.swift in Sources */ = {isa = PBXBuildFile; fileRef = F98E0BA2280C51850027588A /* PlaceModel.swift */; };
		F9A71A6D280AE89D00CC1D8B /* AppDelegate.swift in Sources */ = {isa = PBXBuildFile; fileRef = F9A71A6C280AE89D00CC1D8B /* AppDelegate.swift */; };
		F9A71A6F280AE89D00CC1D8B /* SceneDelegate.swift in Sources */ = {isa = PBXBuildFile; fileRef = F9A71A6E280AE89D00CC1D8B /* SceneDelegate.swift */; };
		F9A71A71280AE89D00CC1D8B /* SignUpVC.swift in Sources */ = {isa = PBXBuildFile; fileRef = F9A71A70280AE89D00CC1D8B /* SignUpVC.swift */; };
		F9A71A74280AE89D00CC1D8B /* Main.storyboard in Resources */ = {isa = PBXBuildFile; fileRef = F9A71A72280AE89D00CC1D8B /* Main.storyboard */; };
		F9A71A76280AE8A000CC1D8B /* Assets.xcassets in Resources */ = {isa = PBXBuildFile; fileRef = F9A71A75280AE8A000CC1D8B /* Assets.xcassets */; };
		F9A71A79280AE8A000CC1D8B /* LaunchScreen.storyboard in Resources */ = {isa = PBXBuildFile; fileRef = F9A71A77280AE8A000CC1D8B /* LaunchScreen.storyboard */; };
/* End PBXBuildFile section */

/* Begin PBXFileReference section */
		215CCF732A9EE994297642EC /* Pods-ForsquareClone.release.xcconfig */ = {isa = PBXFileReference; includeInIndex = 1; lastKnownFileType = text.xcconfig; name = "Pods-ForsquareClone.release.xcconfig"; path = "Target Support Files/Pods-ForsquareClone/Pods-ForsquareClone.release.xcconfig"; sourceTree = "<group>"; };
		2993E118B3D8FDFB4D5687BD /* Pods-ForsquareClone.debug.xcconfig */ = {isa = PBXFileReference; includeInIndex = 1; lastKnownFileType = text.xcconfig; name = "Pods-ForsquareClone.debug.xcconfig"; path = "Target Support Files/Pods-ForsquareClone/Pods-ForsquareClone.debug.xcconfig"; sourceTree = "<group>"; };
		98B8635383374CF5E592B481 /* Pods_ForsquareClone.framework */ = {isa = PBXFileReference; explicitFileType = wrapper.framework; includeInIndex = 0; path = Pods_ForsquareClone.framework; sourceTree = BUILT_PRODUCTS_DIR; };
		F98E0B94280B4AC50027588A /* GoogleService-Info.plist */ = {isa = PBXFileReference; lastKnownFileType = text.plist; path = "GoogleService-Info.plist"; sourceTree = SOURCE_ROOT; };
		F98E0B98280B55490027588A /* PlacesVC.swift */ = {isa = PBXFileReference; lastKnownFileType = sourcecode.swift; path = PlacesVC.swift; sourceTree = "<group>"; };
		F98E0B9A280B64180027588A /* addPlaceVC.swift */ = {isa = PBXFileReference; lastKnownFileType = sourcecode.swift; path = addPlaceVC.swift; sourceTree = "<group>"; };
		F98E0B9C280C33D50027588A /* mapVC.swift */ = {isa = PBXFileReference; lastKnownFileType = sourcecode.swift; path = mapVC.swift; sourceTree = "<group>"; };
		F98E0B9E280C36AA0027588A /* select.png */ = {isa = PBXFileReference; lastKnownFileType = image.png; path = select.png; sourceTree = "<group>"; };
		F98E0BA0280C391B0027588A /* DetailsVC.swift */ = {isa = PBXFileReference; lastKnownFileType = sourcecode.swift; path = DetailsVC.swift; sourceTree = "<group>"; };
		F98E0BA2280C51850027588A /* PlaceModel.swift */ = {isa = PBXFileReference; lastKnownFileType = sourcecode.swift; path = PlaceModel.swift; sourceTree = "<group>"; };
		F9A71A69280AE89D00CC1D8B /* ForsquareClone.app */ = {isa = PBXFileReference; explicitFileType = wrapper.application; includeInIndex = 0; path = ForsquareClone.app; sourceTree = BUILT_PRODUCTS_DIR; };
		F9A71A6C280AE89D00CC1D8B /* AppDelegate.swift */ = {isa = PBXFileReference; lastKnownFileType = sourcecode.swift; path = AppDelegate.swift; sourceTree = "<group>"; };
		F9A71A6E280AE89D00CC1D8B /* SceneDelegate.swift */ = {isa = PBXFileReference; lastKnownFileType = sourcecode.swift; path = SceneDelegate.swift; sourceTree = "<group>"; };
		F9A71A70280AE89D00CC1D8B /* SignUpVC.swift */ = {isa = PBXFileReference; lastKnownFileType = sourcecode.swift; path = SignUpVC.swift; sourceTree = "<group>"; };
		F9A71A73280AE89D00CC1D8B /* Base */ = {isa = PBXFileReference; lastKnownFileType = file.storyboard; name = Base; path = Base.lproj/Main.storyboard; sourceTree = "<group>"; };
		F9A71A75280AE8A000CC1D8B /* Assets.xcassets */ = {isa = PBXFileReference; lastKnownFileType = folder.assetcatalog; path = Assets.xcassets; sourceTree = "<group>"; };
		F9A71A78280AE8A000CC1D8B /* Base */ = {isa = PBXFileReference; lastKnownFileType = file.storyboard; name = Base; path = Base.lproj/LaunchScreen.storyboard; sourceTree = "<group>"; };
		F9A71A7A280AE8A000CC1D8B /* Info.plist */ = {isa = PBXFileReference; lastKnownFileType = text.plist.xml; path = Info.plist; sourceTree = "<group>"; };
/* End PBXFileReference section */

/* Begin PBXFrameworksBuildPhase section */
		F9A71A66280AE89D00CC1D8B /* Frameworks */ = {
			isa = PBXFrameworksBuildPhase;
			buildActionMask = 2147483647;
			files = (
				C5B681C7FEC189D46653A09A /* Pods_ForsquareClone.framework in Frameworks */,
			);
			runOnlyForDeploymentPostprocessing = 0;
		};
/* End PBXFrameworksBuildPhase section */

/* Begin PBXGroup section */
		2FC4CD2C55CFDC25F553C543 /* Pods */ = {
			isa = PBXGroup;
			children = (
				2993E118B3D8FDFB4D5687BD /* Pods-ForsquareClone.debug.xcconfig */,
				215CCF732A9EE994297642EC /* Pods-ForsquareClone.release.xcconfig */,
			);
			path = Pods;
			sourceTree = "<group>";
		};
		F10021FADBBDDAAAFD9DDA07 /* Frameworks */ = {
			isa = PBXGroup;
			children = (
				98B8635383374CF5E592B481 /* Pods_ForsquareClone.framework */,
			);
			name = Frameworks;
			sourceTree = "<group>";
		};
		F9A71A60280AE89D00CC1D8B = {
			isa = PBXGroup;
			children = (
				F9A71A6B280AE89D00CC1D8B /* ForsquareClone */,
				F9A71A6A280AE89D00CC1D8B /* Products */,
				2FC4CD2C55CFDC25F553C543 /* Pods */,
				F10021FADBBDDAAAFD9DDA07 /* Frameworks */,
			);
			sourceTree = "<group>";
		};
		F9A71A6A280AE89D00CC1D8B /* Products */ = {
			isa = PBXGroup;
			children = (
				F9A71A69280AE89D00CC1D8B /* ForsquareClone.app */,
			);
			name = Products;
			sourceTree = "<group>";
		};
		F9A71A6B280AE89D00CC1D8B /* ForsquareClone */ = {
			isa = PBXGroup;
			children = (
				F9A71A6C280AE89D00CC1D8B /* AppDelegate.swift */,
				F9A71A6E280AE89D00CC1D8B /* SceneDelegate.swift */,
				F98E0B9A280B64180027588A /* addPlaceVC.swift */,
				F98E0B98280B55490027588A /* PlacesVC.swift */,
				F9A71A70280AE89D00CC1D8B /* SignUpVC.swift */,
				F98E0B9C280C33D50027588A /* mapVC.swift */,
				F98E0BA0280C391B0027588A /* DetailsVC.swift */,
				F98E0BA2280C51850027588A /* PlaceModel.swift */,
				F98E0B9E280C36AA0027588A /* select.png */,
				F9A71A72280AE89D00CC1D8B /* Main.storyboard */,
				F9A71A75280AE8A000CC1D8B /* Assets.xcassets */,
				F9A71A77280AE8A000CC1D8B /* LaunchScreen.storyboard */,
				F98E0B94280B4AC50027588A /* GoogleService-Info.plist */,
				F9A71A7A280AE8A000CC1D8B /* Info.plist */,
			);
			path = ForsquareClone;
			sourceTree = "<group>";
		};
/* End PBXGroup section */

/* Begin PBXNativeTarget section */
		F9A71A68280AE89D00CC1D8B /* ForsquareClone */ = {
			isa = PBXNativeTarget;
			buildConfigurationList = F9A71A7D280AE8A000CC1D8B /* Build configuration list for PBXNativeTarget "ForsquareClone" */;
			buildPhases = (
				1CDCC5F7C23E8D8E61592CB7 /* [CP] Check Pods Manifest.lock */,
				F9A71A65280AE89D00CC1D8B /* Sources */,
				F9A71A66280AE89D00CC1D8B /* Frameworks */,
				F9A71A67280AE89D00CC1D8B /* Resources */,
				E5B9120DCB69FFDDFD23DFE1 /* [CP] Embed Pods Frameworks */,
			);
			buildRules = (
			);
			dependencies = (
			);
			name = ForsquareClone;
			productName = ForsquareClone;
			productReference = F9A71A69280AE89D00CC1D8B /* ForsquareClone.app */;
			productType = "com.apple.product-type.application";
		};
/* End PBXNativeTarget section */

/* Begin PBXProject section */
		F9A71A61280AE89D00CC1D8B /* Project object */ = {
			isa = PBXProject;
			attributes = {
				BuildIndependentTargetsInParallel = 1;
				LastSwiftUpdateCheck = 1330;
				LastUpgradeCheck = 1330;
				TargetAttributes = {
					F9A71A68280AE89D00CC1D8B = {
						CreatedOnToolsVersion = 13.3;
					};
				};
			};
			buildConfigurationList = F9A71A64280AE89D00CC1D8B /* Build configuration list for PBXProject "ForsquareClone" */;
			compatibilityVersion = "Xcode 13.0";
			developmentRegion = en;
			hasScannedForEncodings = 0;
			knownRegions = (
				en,
				Base,
			);
			mainGroup = F9A71A60280AE89D00CC1D8B;
			productRefGroup = F9A71A6A280AE89D00CC1D8B /* Products */;
			projectDirPath = "";
			projectRoot = "";
			targets = (
				F9A71A68280AE89D00CC1D8B /* ForsquareClone */,
			);
		};
/* End PBXProject section */

/* Begin PBXResourcesBuildPhase section */
		F9A71A67280AE89D00CC1D8B /* Resources */ = {
			isa = PBXResourcesBuildPhase;
			buildActionMask = 2147483647;
			files = (
				F9A71A79280AE8A000CC1D8B /* LaunchScreen.storyboard in Resources */,
				F98E0B95280B4AC50027588A /* GoogleService-Info.plist in Resources */,
				F9A71A76280AE8A000CC1D8B /* Assets.xcassets in Resources */,
				F9A71A74280AE89D00CC1D8B /* Main.storyboard in Resources */,
				F98E0B9F280C36AA0027588A /* select.png in Resources */,
			);
			runOnlyForDeploymentPostprocessing = 0;
		};
/* End PBXResourcesBuildPhase section */

/* Begin PBXShellScriptBuildPhase section */
		1CDCC5F7C23E8D8E61592CB7 /* [CP] Check Pods Manifest.lock */ = {
			isa = PBXShellScriptBuildPhase;
			buildActionMask = 2147483647;
			files = (
			);
			inputFileListPaths = (
			);
			inputPaths = (
				"${PODS_PODFILE_DIR_PATH}/Podfile.lock",
				"${PODS_ROOT}/Manifest.lock",
			);
			name = "[CP] Check Pods Manifest.lock";
			outputFileListPaths = (
			);
			outputPaths = (
				"$(DERIVED_FILE_DIR)/Pods-ForsquareClone-checkManifestLockResult.txt",
			);
			runOnlyForDeploymentPostprocessing = 0;
			shellPath = /bin/sh;
			shellScript = "diff \"${PODS_PODFILE_DIR_PATH}/Podfile.lock\" \"${PODS_ROOT}/Manifest.lock\" > /dev/null\nif [ $? != 0 ] ; then\n    # print error to STDERR\n    echo \"error: The sandbox is not in sync with the Podfile.lock. Run 'pod install' or update your CocoaPods installation.\" >&2\n    exit 1\nfi\n# This output is used by Xcode 'outputs' to avoid re-running this script phase.\necho \"SUCCESS\" > \"${SCRIPT_OUTPUT_FILE_0}\"\n";
			showEnvVarsInLog = 0;
		};
		E5B9120DCB69FFDDFD23DFE1 /* [CP] Embed Pods Frameworks */ = {
			isa = PBXShellScriptBuildPhase;
			buildActionMask = 2147483647;
			files = (
			);
			inputFileListPaths = (
				"${PODS_ROOT}/Target Support Files/Pods-ForsquareClone/Pods-ForsquareClone-frameworks-${CONFIGURATION}-input-files.xcfilelist",
			);
			name = "[CP] Embed Pods Frameworks";
			outputFileListPaths = (
				"${PODS_ROOT}/Target Support Files/Pods-ForsquareClone/Pods-ForsquareClone-frameworks-${CONFIGURATION}-output-files.xcfilelist",
			);
			runOnlyForDeploymentPostprocessing = 0;
			shellPath = /bin/sh;
			shellScript = "\"${PODS_ROOT}/Target Support Files/Pods-ForsquareClone/Pods-ForsquareClone-frameworks.sh\"\n";
			showEnvVarsInLog = 0;
		};
/* End PBXShellScriptBuildPhase section */

/* Begin PBXSourcesBuildPhase section */
		F9A71A65280AE89D00CC1D8B /* Sources */ = {
			isa = PBXSourcesBuildPhase;
			buildActionMask = 2147483647;
			files = (
				F9A71A71280AE89D00CC1D8B /* SignUpVC.swift in Sources */,
				F98E0BA3280C51850027588A /* PlaceModel.swift in Sources */,
				F9A71A6D280AE89D00CC1D8B /* AppDelegate.swift in Sources */,
				F98E0B99280B55490027588A /* PlacesVC.swift in Sources */,
				F98E0B9B280B64180027588A /* addPlaceVC.swift in Sources */,
				F98E0BA1280C391B0027588A /* DetailsVC.swift in Sources */,
				F9A71A6F280AE89D00CC1D8B /* SceneDelegate.swift in Sources */,
				F98E0B9D280C33D50027588A /* mapVC.swift in Sources */,
			);
			runOnlyForDeploymentPostprocessing = 0;
		};
/* End PBXSourcesBuildPhase section */

/* Begin PBXVariantGroup section */
		F9A71A72280AE89D00CC1D8B /* Main.storyboard */ = {
			isa = PBXVariantGroup;
			children = (
				F9A71A73280AE89D00CC1D8B /* Base */,
			);
			name = Main.storyboard;
			sourceTree = "<group>";
		};
		F9A71A77280AE8A000CC1D8B /* LaunchScreen.storyboard */ = {
			isa = PBXVariantGroup;
			children = (
				F9A71A78280AE8A000CC1D8B /* Base */,
			);
			name = LaunchScreen.storyboard;
			sourceTree = "<group>";
		};
/* End PBXVariantGroup section */

/* Begin XCBuildConfiguration section */
		F9A71A7B280AE8A000CC1D8B /* Debug */ = {
			isa = XCBuildConfiguration;
			buildSettings = {
				ALWAYS_SEARCH_USER_PATHS = NO;
				CLANG_ANALYZER_NONNULL = YES;
				CLANG_ANALYZER_NUMBER_OBJECT_CONVERSION = YES_AGGRESSIVE;
				CLANG_CXX_LANGUAGE_STANDARD = "gnu++17";
				CLANG_ENABLE_MODULES = YES;
				CLANG_ENABLE_OBJC_ARC = YES;
				CLANG_ENABLE_OBJC_WEAK = YES;
				CLANG_WARN_BLOCK_CAPTURE_AUTORELEASING = YES;
				CLANG_WARN_BOOL_CONVERSION = YES;
				CLANG_WARN_COMMA = YES;
				CLANG_WARN_CONSTANT_CONVERSION = YES;
				CLANG_WARN_DEPRECATED_OBJC_IMPLEMENTATIONS = YES;
				CLANG_WARN_DIRECT_OBJC_ISA_USAGE = YES_ERROR;
				CLANG_WARN_DOCUMENTATION_COMMENTS = YES;
				CLANG_WARN_EMPTY_BODY = YES;
				CLANG_WARN_ENUM_CONVERSION = YES;
				CLANG_WARN_INFINITE_RECURSION = YES;
				CLANG_WARN_INT_CONVERSION = YES;
				CLANG_WARN_NON_LITERAL_NULL_CONVERSION = YES;
				CLANG_WARN_OBJC_IMPLICIT_RETAIN_SELF = YES;
				CLANG_WARN_OBJC_LITERAL_CONVERSION = YES;
				CLANG_WARN_OBJC_ROOT_CLASS = YES_ERROR;
				CLANG_WARN_QUOTED_INCLUDE_IN_FRAMEWORK_HEADER = YES;
				CLANG_WARN_RANGE_LOOP_ANALYSIS = YES;
				CLANG_WARN_STRICT_PROTOTYPES = YES;
				CLANG_WARN_SUSPICIOUS_MOVE = YES;
				CLANG_WARN_UNGUARDED_AVAILABILITY = YES_AGGRESSIVE;
				CLANG_WARN_UNREACHABLE_CODE = YES;
				CLANG_WARN__DUPLICATE_METHOD_MATCH = YES;
				COPY_PHASE_STRIP = NO;
				DEBUG_INFORMATION_FORMAT = dwarf;
				ENABLE_STRICT_OBJC_MSGSEND = YES;
				ENABLE_TESTABILITY = YES;
				GCC_C_LANGUAGE_STANDARD = gnu11;
				GCC_DYNAMIC_NO_PIC = NO;
				GCC_NO_COMMON_BLOCKS = YES;
				GCC_OPTIMIZATION_LEVEL = 0;
				GCC_PREPROCESSOR_DEFINITIONS = (
					"DEBUG=1",
					"$(inherited)",
				);
				GCC_WARN_64_TO_32_BIT_CONVERSION = YES;
				GCC_WARN_ABOUT_RETURN_TYPE = YES_ERROR;
				GCC_WARN_UNDECLARED_SELECTOR = YES;
				GCC_WARN_UNINITIALIZED_AUTOS = YES_AGGRESSIVE;
				GCC_WARN_UNUSED_FUNCTION = YES;
				GCC_WARN_UNUSED_VARIABLE = YES;
				IPHONEOS_DEPLOYMENT_TARGET = 15.4;
				MTL_ENABLE_DEBUG_INFO = INCLUDE_SOURCE;
				MTL_FAST_MATH = YES;
				ONLY_ACTIVE_ARCH = YES;
				SDKROOT = iphoneos;
				SWIFT_ACTIVE_COMPILATION_CONDITIONS = DEBUG;
				SWIFT_OPTIMIZATION_LEVEL = "-Onone";
			};
			name = Debug;
		};
		F9A71A7C280AE8A000CC1D8B /* Release */ = {
			isa = XCBuildConfiguration;
			buildSettings = {
				ALWAYS_SEARCH_USER_PATHS = NO;
				CLANG_ANALYZER_NONNULL = YES;
				CLANG_ANALYZER_NUMBER_OBJECT_CONVERSION = YES_AGGRESSIVE;
				CLANG_CXX_LANGUAGE_STANDARD = "gnu++17";
				CLANG_ENABLE_MODULES = YES;
				CLANG_ENABLE_OBJC_ARC = YES;
				CLANG_ENABLE_OBJC_WEAK = YES;
				CLANG_WARN_BLOCK_CAPTURE_AUTORELEASING = YES;
				CLANG_WARN_BOOL_CONVERSION = YES;
				CLANG_WARN_COMMA = YES;
				CLANG_WARN_CONSTANT_CONVERSION = YES;
				CLANG_WARN_DEPRECATED_OBJC_IMPLEMENTATIONS = YES;
				CLANG_WARN_DIRECT_OBJC_ISA_USAGE = YES_ERROR;
				CLANG_WARN_DOCUMENTATION_COMMENTS = YES;
				CLANG_WARN_EMPTY_BODY = YES;
				CLANG_WARN_ENUM_CONVERSION = YES;
				CLANG_WARN_INFINITE_RECURSION = YES;
				CLANG_WARN_INT_CONVERSION = YES;
				CLANG_WARN_NON_LITERAL_NULL_CONVERSION = YES;
				CLANG_WARN_OBJC_IMPLICIT_RETAIN_SELF = YES;
				CLANG_WARN_OBJC_LITERAL_CONVERSION = YES;
				CLANG_WARN_OBJC_ROOT_CLASS = YES_ERROR;
				CLANG_WARN_QUOTED_INCLUDE_IN_FRAMEWORK_HEADER = YES;
				CLANG_WARN_RANGE_LOOP_ANALYSIS = YES;
				CLANG_WARN_STRICT_PROTOTYPES = YES;
				CLANG_WARN_SUSPICIOUS_MOVE = YES;
				CLANG_WARN_UNGUARDED_AVAILABILITY = YES_AGGRESSIVE;
				CLANG_WARN_UNREACHABLE_CODE = YES;
				CLANG_WARN__DUPLICATE_METHOD_MATCH = YES;
				COPY_PHASE_STRIP = NO;
				DEBUG_INFORMATION_FORMAT = "dwarf-with-dsym";
				ENABLE_NS_ASSERTIONS = NO;
				ENABLE_STRICT_OBJC_MSGSEND = YES;
				GCC_C_LANGUAGE_STANDARD = gnu11;
				GCC_NO_COMMON_BLOCKS = YES;
				GCC_WARN_64_TO_32_BIT_CONVERSION = YES;
				GCC_WARN_ABOUT_RETURN_TYPE = YES_ERROR;
				GCC_WARN_UNDECLARED_SELECTOR = YES;
				GCC_WARN_UNINITIALIZED_AUTOS = YES_AGGRESSIVE;
				GCC_WARN_UNUSED_FUNCTION = YES;
				GCC_WARN_UNUSED_VARIABLE = YES;
				IPHONEOS_DEPLOYMENT_TARGET = 15.4;
				MTL_ENABLE_DEBUG_INFO = NO;
				MTL_FAST_MATH = YES;
				SDKROOT = iphoneos;
				SWIFT_COMPILATION_MODE = wholemodule;
				SWIFT_OPTIMIZATION_LEVEL = "-O";
				VALIDATE_PRODUCT = YES;
			};
			name = Release;
		};
		F9A71A7E280AE8A000CC1D8B /* Debug */ = {
			isa = XCBuildConfiguration;
			baseConfigurationReference = 2993E118B3D8FDFB4D5687BD /* Pods-ForsquareClone.debug.xcconfig */;
			buildSettings = {
				ASSETCATALOG_COMPILER_APPICON_NAME = AppIcon;
				ASSETCATALOG_COMPILER_GLOBAL_ACCENT_COLOR_NAME = AccentColor;
				CODE_SIGN_STYLE = Automatic;
				CURRENT_PROJECT_VERSION = 1;
				DEVELOPMENT_TEAM = VDP4Z736G3;
				GENERATE_INFOPLIST_FILE = YES;
				INFOPLIST_FILE = ForsquareClone/Info.plist;
				INFOPLIST_KEY_UIApplicationSupportsIndirectInputEvents = YES;
				INFOPLIST_KEY_UILaunchStoryboardName = LaunchScreen;
				INFOPLIST_KEY_UIMainStoryboardFile = Main;
				INFOPLIST_KEY_UISupportedInterfaceOrientations_iPad = "UIInterfaceOrientationPortrait UIInterfaceOrientationPortraitUpsideDown UIInterfaceOrientationLandscapeLeft UIInterfaceOrientationLandscapeRight";
				INFOPLIST_KEY_UISupportedInterfaceOrientations_iPhone = "UIInterfaceOrientationPortrait UIInterfaceOrientationLandscapeLeft UIInterfaceOrientationLandscapeRight";
				LD_RUNPATH_SEARCH_PATHS = (
					"$(inherited)",
					"@executable_path/Frameworks",
				);
				MARKETING_VERSION = 1.0;
				PRODUCT_BUNDLE_IDENTIFIER = com.berkebac.ForsquareClone;
				PRODUCT_NAME = "$(TARGET_NAME)";
				SWIFT_EMIT_LOC_STRINGS = YES;
				SWIFT_VERSION = 5.0;
				TARGETED_DEVICE_FAMILY = "1,2";
			};
			name = Debug;
		};
		F9A71A7F280AE8A000CC1D8B /* Release */ = {
			isa = XCBuildConfiguration;
			baseConfigurationReference = 215CCF732A9EE994297642EC /* Pods-ForsquareClone.release.xcconfig */;
			buildSettings = {
				ASSETCATALOG_COMPILER_APPICON_NAME = AppIcon;
				ASSETCATALOG_COMPILER_GLOBAL_ACCENT_COLOR_NAME = AccentColor;
				CODE_SIGN_STYLE = Automatic;
				CURRENT_PROJECT_VERSION = 1;
				DEVELOPMENT_TEAM = VDP4Z736G3;
				GENERATE_INFOPLIST_FILE = YES;
				INFOPLIST_FILE = ForsquareClone/Info.plist;
				INFOPLIST_KEY_UIApplicationSupportsIndirectInputEvents = YES;
				INFOPLIST_KEY_UILaunchStoryboardName = LaunchScreen;
				INFOPLIST_KEY_UIMainStoryboardFile = Main;
				INFOPLIST_KEY_UISupportedInterfaceOrientations_iPad = "UIInterfaceOrientationPortrait UIInterfaceOrientationPortraitUpsideDown UIInterfaceOrientationLandscapeLeft UIInterfaceOrientationLandscapeRight";
				INFOPLIST_KEY_UISupportedInterfaceOrientations_iPhone = "UIInterfaceOrientationPortrait UIInterfaceOrientationLandscapeLeft UIInterfaceOrientationLandscapeRight";
				LD_RUNPATH_SEARCH_PATHS = (
					"$(inherited)",
					"@executable_path/Frameworks",
				);
				MARKETING_VERSION = 1.0;
				PRODUCT_BUNDLE_IDENTIFIER = com.berkebac.ForsquareClone;
				PRODUCT_NAME = "$(TARGET_NAME)";
				SWIFT_EMIT_LOC_STRINGS = YES;
				SWIFT_VERSION = 5.0;
				TARGETED_DEVICE_FAMILY = "1,2";
			};
			name = Release;
		};
/* End XCBuildConfiguration section */

/* Begin XCConfigurationList section */
		F9A71A64280AE89D00CC1D8B /* Build configuration list for PBXProject "ForsquareClone" */ = {
			isa = XCConfigurationList;
			buildConfigurations = (
				F9A71A7B280AE8A000CC1D8B /* Debug */,
				F9A71A7C280AE8A000CC1D8B /* Release */,
			);
			defaultConfigurationIsVisible = 0;
			defaultConfigurationName = Release;
		};
		F9A71A7D280AE8A000CC1D8B /* Build configuration list for PBXNativeTarget "ForsquareClone" */ = {
			isa = XCConfigurationList;
			buildConfigurations = (
				F9A71A7E280AE8A000CC1D8B /* Debug */,
				F9A71A7F280AE8A000CC1D8B /* Release */,
			);
			defaultConfigurationIsVisible = 0;
			defaultConfigurationName = Release;
		};
/* End XCConfigurationList section */
	};
	rootObject = F9A71A61280AE89D00CC1D8B /* Project object */;
}
